
Microsoft Visual Studio Solution File, Format Version 12.00
# Visual Studio Version 16
VisualStudioVersion = 16.0.31205.134
MinimumVisualStudioVersion = 10.0.40219.1
Project("{FAE04EC0-301F-11D3-BF4B-00C04F79EFBC}") = "MVCAuthentication", "MVCAuthentication\MVCAuthentication.csproj", "{0669FD8E-58B8-4DE6-819F-1F047F7194B3}"
EndProject
Global
	GlobalSection(SolutionConfigurationPlatforms) = preSolution
		Debug|Any CPU = Debug|Any CPU
		Release|Any CPU = Release|Any CPU
	EndGlobalSection
	GlobalSection(ProjectConfigurationPlatforms) = postSolution
		{0669FD8E-58B8-4DE6-819F-1F047F7194B3}.Debug|Any CPU.ActiveCfg = Debug|Any CPU
		{0669FD8E-58B8-4DE6-819F-1F047F7194B3}.Debug|Any CPU.Build.0 = Debug|Any CPU
		{0669FD8E-58B8-4DE6-819F-1F047F7194B3}.Release|Any CPU.ActiveCfg = Release|Any CPU
		{0669FD8E-58B8-4DE6-819F-1F047F7194B3}.Release|Any CPU.Build.0 = Release|Any CPU
	EndGlobalSection
	GlobalSection(SolutionProperties) = preSolution
		HideSolutionNode = FALSE
	EndGlobalSection
	GlobalSection(ExtensibilityGlobals) = postSolution
		SolutionGuid = {D92EC158-CF96-47BA-8F56-8A04BD7FBB26}
	EndGlobalSection
EndGlobal
